{
  "name": "windy10v10ai-cloud",
  "version": "0.0.1",
  "lockfileVersion": 2,
  "requires": true,
  "packages": {
    "": {
      "name": "windy10v10ai-cloud",
      "version": "0.0.1",
      "hasInstallScript": true,
      "license": "MIT",
      "devDependencies": {},
      "engines": {
        "node": ">=20.0.0"
      }
    }
  }
}
